{
    "_readme": [
        "This file locks the dependencies of your project to a known state",
        "Read more about it at https://getcomposer.org/doc/01-basic-usage.md#composer-lock-the-lock-file",
        "This file is @generated automatically"
    ],
    "content-hash": "2c9bfbf0ada09ef78a164cb9db2fe40a",
    "packages": [],
    "packages-dev": [
        {
            "name": "deanblackborough/zf3-view-helpers",
            "version": "v1.02.1",
            "source": {
                "type": "git",
                "url": "https://github.com/deanblackborough/zf3-view-helpers.git",
                "reference": "1e29e7d2e9c0d3850c4df163db87d015b3dc27f6"
            },
            "dist": {
                "type": "zip",
                "url": "https://api.github.com/repos/deanblackborough/zf3-view-helpers/zipball/1e29e7d2e9c0d3850c4df163db87d015b3dc27f6",
                "reference": "1e29e7d2e9c0d3850c4df163db87d015b3dc27f6",
                "shasum": ""
            },
            "require": {
                "php": "^7",
                "zendframework/zend-view": "^2.10"
            },
            "require-dev": {
                "phpunit/phpunit": "^6"
            },
            "suggest": {
                "deanblackborough/zf3-view-helpers-code-completion": "^1",
                "php": "^7.2"
            },
            "type": "library",
            "autoload": {
                "psr-4": {
                    "DBlackborough\\Zf3ViewHelpers\\": "src/"
                }
            },
            "notification-url": "https://packagist.org/downloads/",
            "license": [
                "MIT"
            ],
            "authors": [
                {
                    "name": "Dean Blackborough",
                    "email": "dean@g3d-development.com"
                }
            ],
            "description": "A bunch of view helpers that I use in my Zend Framework 3 apps",
            "homepage": "https://github.com/deanblackborough/zf3-view-helpers",
            "keywords": [
                "bootstrap",
                "bootstrap4",
                "framework",
                "view helpers",
                "zend",
                "zf3"
            ],
            "time": "2018-01-20T21:53:03+00:00"
        },
        {
            "name": "zendframework/zend-eventmanager",
            "version": "3.2.0",
            "source": {
                "type": "git",
                "url": "https://github.com/zendframework/zend-eventmanager.git",
                "reference": "9d72db10ceb6e42fb92350c0cb54460da61bd79c"
            },
            "dist": {
                "type": "zip",
                "url": "https://api.github.com/repos/zendframework/zend-eventmanager/zipball/9d72db10ceb6e42fb92350c0cb54460da61bd79c",
                "reference": "9d72db10ceb6e42fb92350c0cb54460da61bd79c",
                "shasum": ""
            },
            "require": {
                "php": "^5.6 || ^7.0"
            },
            "require-dev": {
                "athletic/athletic": "^0.1",
                "container-interop/container-interop": "^1.1.0",
                "phpunit/phpunit": "^6.0.7 || ^5.7.14",
                "zendframework/zend-coding-standard": "~1.0.0",
                "zendframework/zend-stdlib": "^2.7.3 || ^3.0"
            },
            "suggest": {
                "container-interop/container-interop": "^1.1.0, to use the lazy listeners feature",
                "zendframework/zend-stdlib": "^2.7.3 || ^3.0, to use the FilterChain feature"
            },
            "type": "library",
            "extra": {
                "branch-alias": {
                    "dev-master": "3.2-dev",
                    "dev-develop": "3.3-dev"
                }
            },
            "autoload": {
                "psr-4": {
                    "Zend\\EventManager\\": "src/"
                }
            },
            "notification-url": "https://packagist.org/downloads/",
            "license": [
                "BSD-3-Clause"
            ],
            "description": "Trigger and listen to events within a PHP application",
            "homepage": "https://github.com/zendframework/zend-eventmanager",
            "keywords": [
                "event",
                "eventmanager",
                "events",
                "zf2"
            ],
            "time": "2017-07-11T19:17:22+00:00"
        },
        {
            "name": "zendframework/zend-loader",
            "version": "2.5.1",
            "source": {
                "type": "git",
                "url": "https://github.com/zendframework/zend-loader.git",
                "reference": "c5fd2f071bde071f4363def7dea8dec7393e135c"
            },
            "dist": {
                "type": "zip",
                "url": "https://api.github.com/repos/zendframework/zend-loader/zipball/c5fd2f071bde071f4363def7dea8dec7393e135c",
                "reference": "c5fd2f071bde071f4363def7dea8dec7393e135c",
                "shasum": ""
            },
            "require": {
                "php": ">=5.3.23"
            },
            "require-dev": {
                "fabpot/php-cs-fixer": "1.7.*",
                "phpunit/phpunit": "~4.0"
            },
            "type": "library",
            "extra": {
                "branch-alias": {
                    "dev-master": "2.5-dev",
                    "dev-develop": "2.6-dev"
                }
            },
            "autoload": {
                "psr-4": {
                    "Zend\\Loader\\": "src/"
                }
            },
            "notification-url": "https://packagist.org/downloads/",
            "license": [
                "BSD-3-Clause"
            ],
            "homepage": "https://github.com/zendframework/zend-loader",
            "keywords": [
                "loader",
                "zf2"
            ],
            "time": "2015-06-03T14:05:47+00:00"
        },
        {
            "name": "zendframework/zend-stdlib",
            "version": "3.1.0",
            "source": {
                "type": "git",
                "url": "https://github.com/zendframework/zend-stdlib.git",
                "reference": "debedcfc373a293f9250cc9aa03cf121428c8e78"
            },
            "dist": {
                "type": "zip",
                "url": "https://api.github.com/repos/zendframework/zend-stdlib/zipball/debedcfc373a293f9250cc9aa03cf121428c8e78",
                "reference": "debedcfc373a293f9250cc9aa03cf121428c8e78",
                "shasum": ""
            },
            "require": {
                "php": "^5.6 || ^7.0"
            },
            "require-dev": {
                "athletic/athletic": "~0.1",
                "phpunit/phpunit": "~4.0",
                "squizlabs/php_codesniffer": "^2.6.2"
            },
            "type": "library",
            "extra": {
                "branch-alias": {
                    "dev-master": "3.1-dev",
                    "dev-develop": "3.2-dev"
                }
            },
            "autoload": {
                "psr-4": {
                    "Zend\\Stdlib\\": "src/"
                }
            },
            "notification-url": "https://packagist.org/downloads/",
            "license": [
                "BSD-3-Clause"
            ],
            "homepage": "https://github.com/zendframework/zend-stdlib",
            "keywords": [
                "stdlib",
                "zf2"
            ],
            "time": "2016-09-13T14:38:50+00:00"
        },
        {
            "name": "zendframework/zend-view",
            "version": "2.10.0",
            "source": {
                "type": "git",
                "url": "https://github.com/zendframework/zend-view.git",
                "reference": "4478cc5dd960e2339d88b363ef99fa278700e80e"
            },
            "dist": {
                "type": "zip",
                "url": "https://api.github.com/repos/zendframework/zend-view/zipball/4478cc5dd960e2339d88b363ef99fa278700e80e",
                "reference": "4478cc5dd960e2339d88b363ef99fa278700e80e",
                "shasum": ""
            },
            "require": {
                "php": "^5.6 || ^7.0",
                "zendframework/zend-eventmanager": "^2.6.2 || ^3.0",
                "zendframework/zend-loader": "^2.5",
                "zendframework/zend-stdlib": "^2.7 || ^3.0"
            },
            "require-dev": {
                "phpunit/phpunit": "^5.7.15 || ^6.0.8",
                "zendframework/zend-authentication": "^2.5",
                "zendframework/zend-cache": "^2.6.1",
                "zendframework/zend-coding-standard": "~1.0.0",
                "zendframework/zend-config": "^2.6",
                "zendframework/zend-console": "^2.6",
                "zendframework/zend-escaper": "^2.5",
                "zendframework/zend-feed": "^2.7",
                "zendframework/zend-filter": "^2.6.1",
                "zendframework/zend-http": "^2.5.4",
                "zendframework/zend-i18n": "^2.6",
                "zendframework/zend-json": "^2.6.1",
                "zendframework/zend-log": "^2.7",
                "zendframework/zend-modulemanager": "^2.7.1",
                "zendframework/zend-mvc": "^2.7 || ^3.0",
                "zendframework/zend-navigation": "^2.5",
                "zendframework/zend-paginator": "^2.5",
                "zendframework/zend-permissions-acl": "^2.6",
                "zendframework/zend-router": "^3.0.1",
                "zendframework/zend-serializer": "^2.6.1",
                "zendframework/zend-servicemanager": "^2.7.5 || ^3.0.3",
                "zendframework/zend-session": "^2.8.1",
                "zendframework/zend-uri": "^2.5"
            },
            "suggest": {
                "zendframework/zend-authentication": "Zend\\Authentication component",
                "zendframework/zend-escaper": "Zend\\Escaper component",
                "zendframework/zend-feed": "Zend\\Feed component",
                "zendframework/zend-filter": "Zend\\Filter component",
                "zendframework/zend-http": "Zend\\Http component",
                "zendframework/zend-i18n": "Zend\\I18n component",
                "zendframework/zend-json": "Zend\\Json component",
                "zendframework/zend-mvc": "Zend\\Mvc component",
                "zendframework/zend-navigation": "Zend\\Navigation component",
                "zendframework/zend-paginator": "Zend\\Paginator component",
                "zendframework/zend-permissions-acl": "Zend\\Permissions\\Acl component",
                "zendframework/zend-servicemanager": "Zend\\ServiceManager component",
                "zendframework/zend-uri": "Zend\\Uri component"
            },
            "bin": [
                "bin/templatemap_generator.php"
            ],
            "type": "library",
            "extra": {
                "branch-alias": {
                    "dev-master": "2.10.x-dev",
                    "dev-develop": "2.11.x-dev"
                }
            },
            "autoload": {
                "psr-4": {
                    "Zend\\View\\": "src/"
                }
            },
            "notification-url": "https://packagist.org/downloads/",
            "license": [
                "BSD-3-Clause"
            ],
            "description": "provides a system of helpers, output filters, and variable escaping",
            "homepage": "https://github.com/zendframework/zend-view",
            "keywords": [
                "view",
                "zf2"
            ],
            "time": "2018-01-17T22:21:50+00:00"
        }
    ],
    "aliases": [],
    "minimum-stability": "stable",
    "stability-flags": [],
    "prefer-stable": false,
    "prefer-lowest": false,
    "platform": {
        "php": "^7"
    },
    "platform-dev": []
}
